// !$*UTF8*$!
{
	archiveVersion = 1;
	classes = {
	};
	objectVersion = 55;
	objects = {

/* Begin PBXBuildFile section */
		81033F6A28D5201A004CBD61 /* iOSColorPickerApp.swift in Sources */ = {isa = PBXBuildFile; fileRef = 81033F6928D5201A004CBD61 /* iOSColorPickerApp.swift */; };
		81033F6C28D5201A004CBD61 /* MainView.swift in Sources */ = {isa = PBXBuildFile; fileRef = 81033F6B28D5201A004CBD61 /* MainView.swift */; };
		81033F6E28D52020004CBD61 /* Assets.xcassets in Resources */ = {isa = PBXBuildFile; fileRef = 81033F6D28D52020004CBD61 /* Assets.xcassets */; };
		81033F7928D5352F004CBD61 /* HalfSheet.swift in Sources */ = {isa = PBXBuildFile; fileRef = 81033F7828D5352F004CBD61 /* HalfSheet.swift */; };
		813F841F28D5CF2300837D18 /* ColorSelectionView.swift in Sources */ = {isa = PBXBuildFile; fileRef = 813F841E28D5CF2300837D18 /* ColorSelectionView.swift */; };
		81C3118828D539C80059B4FB /* IndicatorLine.swift in Sources */ = {isa = PBXBuildFile; fileRef = 81C3118728D539C80059B4FB /* IndicatorLine.swift */; };
		81C3118A28D544A00059B4FB /* FullScreenColor.swift in Sources */ = {isa = PBXBuildFile; fileRef = 81C3118928D544A00059B4FB /* FullScreenColor.swift */; };
		81FDA89E28D5FF7B00DD6AAE /* MultiColor.swift in Sources */ = {isa = PBXBuildFile; fileRef = 81FDA89D28D5FF7B00DD6AAE /* MultiColor.swift */; };
/* End PBXBuildFile section */

/* Begin PBXFileReference section */
		81033F6628D5201A004CBD61 /* iOSColorPicker.app */ = {isa = PBXFileReference; explicitFileType = wrapper.application; includeInIndex = 0; path = iOSColorPicker.app; sourceTree = BUILT_PRODUCTS_DIR; };
		81033F6928D5201A004CBD61 /* iOSColorPickerApp.swift */ = {isa = PBXFileReference; lastKnownFileType = sourcecode.swift; path = iOSColorPickerApp.swift; sourceTree = "<group>"; };
		81033F6B28D5201A004CBD61 /* MainView.swift */ = {isa = PBXFileReference; lastKnownFileType = sourcecode.swift; path = MainView.swift; sourceTree = "<group>"; };
		81033F6D28D52020004CBD61 /* Assets.xcassets */ = {isa = PBXFileReference; lastKnownFileType = folder.assetcatalog; path = Assets.xcassets; sourceTree = "<group>"; };
		81033F7828D5352F004CBD61 /* HalfSheet.swift */ = {isa = PBXFileReference; lastKnownFileType = sourcecode.swift; path = HalfSheet.swift; sourceTree = "<group>"; };
		813F841E28D5CF2300837D18 /* ColorSelectionView.swift */ = {isa = PBXFileReference; lastKnownFileType = sourcecode.swift; path = ColorSelectionView.swift; sourceTree = "<group>"; };
		81C3118728D539C80059B4FB /* IndicatorLine.swift */ = {isa = PBXFileReference; lastKnownFileType = sourcecode.swift; path = IndicatorLine.swift; sourceTree = "<group>"; };
		81C3118928D544A00059B4FB /* FullScreenColor.swift */ = {isa = PBXFileReference; lastKnownFileType = sourcecode.swift; path = FullScreenColor.swift; sourceTree = "<group>"; };
		81FDA89D28D5FF7B00DD6AAE /* MultiColor.swift */ = {isa = PBXFileReference; lastKnownFileType = sourcecode.swift; path = MultiColor.swift; sourceTree = "<group>"; };
/* End PBXFileReference section */

/* Begin PBXFrameworksBuildPhase section */
		81033F6328D52019004CBD61 /* Frameworks */ = {
			isa = PBXFrameworksBuildPhase;
			buildActionMask = 2147483647;
			files = (
			);
			runOnlyForDeploymentPostprocessing = 0;
		};
/* End PBXFrameworksBuildPhase section */

/* Begin PBXGroup section */
		81033F5D28D52019004CBD61 = {
			isa = PBXGroup;
			children = (
				81033F6828D5201A004CBD61 /* iOSColorPicker */,
				81033F6728D5201A004CBD61 /* Products */,
			);
			sourceTree = "<group>";
		};
		81033F6728D5201A004CBD61 /* Products */ = {
			isa = PBXGroup;
			children = (
				81033F6628D5201A004CBD61 /* iOSColorPicker.app */,
			);
			name = Products;
			sourceTree = "<group>";
		};
		81033F6828D5201A004CBD61 /* iOSColorPicker */ = {
			isa = PBXGroup;
			children = (
				81033F7728D52599004CBD61 /* Preview Content */,
				81033F6928D5201A004CBD61 /* iOSColorPickerApp.swift */,
				81033F6B28D5201A004CBD61 /* MainView.swift */,
				81FDA89D28D5FF7B00DD6AAE /* MultiColor.swift */,
				813F841E28D5CF2300837D18 /* ColorSelectionView.swift */,
				81C3118928D544A00059B4FB /* FullScreenColor.swift */,
				81C3118728D539C80059B4FB /* IndicatorLine.swift */,
				81033F7828D5352F004CBD61 /* HalfSheet.swift */,
				81033F6D28D52020004CBD61 /* Assets.xcassets */,
			);
			path = iOSColorPicker;
			sourceTree = "<group>";
		};
		81033F7728D52599004CBD61 /* Preview Content */ = {
			isa = PBXGroup;
			children = (
			);
			path = "Preview Content";
			sourceTree = "<group>";
		};
/* End PBXGroup section */

/* Begin PBXNativeTarget section */
		81033F6528D52019004CBD61 /* iOSColorPicker */ = {
			isa = PBXNativeTarget;
			buildConfigurationList = 81033F7428D52020004CBD61 /* Build configuration list for PBXNativeTarget "iOSColorPicker" */;
			buildPhases = (
				81033F6228D52019004CBD61 /* Sources */,
				81033F6328D52019004CBD61 /* Frameworks */,
				81033F6428D52019004CBD61 /* Resources */,
			);
			buildRules = (
			);
			dependencies = (
			);
			name = iOSColorPicker;
			productName = iOSColorPicker;
			productReference = 81033F6628D5201A004CBD61 /* iOSColorPicker.app */;
			productType = "com.apple.product-type.application";
		};
/* End PBXNativeTarget section */

/* Begin PBXProject section */
		81033F5E28D52019004CBD61 /* Project object */ = {
			isa = PBXProject;
			attributes = {
				BuildIndependentTargetsInParallel = 1;
				LastSwiftUpdateCheck = 1340;
				LastUpgradeCheck = 1340;
				TargetAttributes = {
					81033F6528D52019004CBD61 = {
						CreatedOnToolsVersion = 13.4.1;
					};
				};
			};
			buildConfigurationList = 81033F6128D52019004CBD61 /* Build configuration list for PBXProject "iOSColorPicker" */;
			compatibilityVersion = "Xcode 13.0";
			developmentRegion = en;
			hasScannedForEncodings = 0;
			knownRegions = (
				en,
				Base,
			);
			mainGroup = 81033F5D28D52019004CBD61;
			productRefGroup = 81033F6728D5201A004CBD61 /* Products */;
			projectDirPath = "";
			projectRoot = "";
			targets = (
				81033F6528D52019004CBD61 /* iOSColorPicker */,
			);
		};
/* End PBXProject section */

/* Begin PBXResourcesBuildPhase section */
		81033F6428D52019004CBD61 /* Resources */ = {
			isa = PBXResourcesBuildPhase;
			buildActionMask = 2147483647;
			files = (
				81033F6E28D52020004CBD61 /* Assets.xcassets in Resources */,
			);
			runOnlyForDeploymentPostprocessing = 0;
		};
/* End PBXResourcesBuildPhase section */

/* Begin PBXSourcesBuildPhase section */
		81033F6228D52019004CBD61 /* Sources */ = {
			isa = PBXSourcesBuildPhase;
			buildActionMask = 2147483647;
			files = (
				81033F7928D5352F004CBD61 /* HalfSheet.swift in Sources */,
				81C3118A28D544A00059B4FB /* FullScreenColor.swift in Sources */,
				81033F6C28D5201A004CBD61 /* MainView.swift in Sources */,
				813F841F28D5CF2300837D18 /* ColorSelectionView.swift in Sources */,
				81033F6A28D5201A004CBD61 /* iOSColorPickerApp.swift in Sources */,
				81C3118828D539C80059B4FB /* IndicatorLine.swift in Sources */,
				81FDA89E28D5FF7B00DD6AAE /* MultiColor.swift in Sources */,
			);
			runOnlyForDeploymentPostprocessing = 0;
		};
/* End PBXSourcesBuildPhase section */

/* Begin XCBuildConfiguration section */
		81033F7228D52020004CBD61 /* Debug */ = {
			isa = XCBuildConfiguration;
			buildSettings = {
				ALWAYS_SEARCH_USER_PATHS = NO;
				CLANG_ANALYZER_NONNULL = YES;
				CLANG_ANALYZER_NUMBER_OBJECT_CONVERSION = YES_AGGRESSIVE;
				CLANG_CXX_LANGUAGE_STANDARD = "gnu++17";
				CLANG_ENABLE_MODULES = YES;
				CLANG_ENABLE_OBJC_ARC = YES;
				CLANG_ENABLE_OBJC_WEAK = YES;
				CLANG_WARN_BLOCK_CAPTURE_AUTORELEASING = YES;
				CLANG_WARN_BOOL_CONVERSION = YES;
				CLANG_WARN_COMMA = YES;
				CLANG_WARN_CONSTANT_CONVERSION = YES;
				CLANG_WARN_DEPRECATED_OBJC_IMPLEMENTATIONS = YES;
				CLANG_WARN_DIRECT_OBJC_ISA_USAGE = YES_ERROR;
				CLANG_WARN_DOCUMENTATION_COMMENTS = YES;
				CLANG_WARN_EMPTY_BODY = YES;
				CLANG_WARN_ENUM_CONVERSION = YES;
				CLANG_WARN_INFINITE_RECURSION = YES;
				CLANG_WARN_INT_CONVERSION = YES;
				CLANG_WARN_NON_LITERAL_NULL_CONVERSION = YES;
				CLANG_WARN_OBJC_IMPLICIT_RETAIN_SELF = YES;
				CLANG_WARN_OBJC_LITERAL_CONVERSION = YES;
				CLANG_WARN_OBJC_ROOT_CLASS = YES_ERROR;
				CLANG_WARN_QUOTED_INCLUDE_IN_FRAMEWORK_HEADER = YES;
				CLANG_WARN_RANGE_LOOP_ANALYSIS = YES;
				CLANG_WARN_STRICT_PROTOTYPES = YES;
				CLANG_WARN_SUSPICIOUS_MOVE = YES;
				CLANG_WARN_UNGUARDED_AVAILABILITY = YES_AGGRESSIVE;
				CLANG_WARN_UNREACHABLE_CODE = YES;
				CLANG_WARN__DUPLICATE_METHOD_MATCH = YES;
				COPY_PHASE_STRIP = NO;
				DEBUG_INFORMATION_FORMAT = dwarf;
				ENABLE_STRICT_OBJC_MSGSEND = YES;
				ENABLE_TESTABILITY = YES;
				GCC_C_LANGUAGE_STANDARD = gnu11;
				GCC_DYNAMIC_NO_PIC = NO;
				GCC_NO_COMMON_BLOCKS = YES;
				GCC_OPTIMIZATION_LEVEL = 0;
				GCC_PREPROCESSOR_DEFINITIONS = (
					"DEBUG=1",
					"$(inherited)",
				);
				GCC_WARN_64_TO_32_BIT_CONVERSION = YES;
				GCC_WARN_ABOUT_RETURN_TYPE = YES_ERROR;
				GCC_WARN_UNDECLARED_SELECTOR = YES;
				GCC_WARN_UNINITIALIZED_AUTOS = YES_AGGRESSIVE;
				GCC_WARN_UNUSED_FUNCTION = YES;
				GCC_WARN_UNUSED_VARIABLE = YES;
				IPHONEOS_DEPLOYMENT_TARGET = 15.5;
				MTL_ENABLE_DEBUG_INFO = INCLUDE_SOURCE;
				MTL_FAST_MATH = YES;
				ONLY_ACTIVE_ARCH = YES;
				SDKROOT = iphoneos;
				SWIFT_ACTIVE_COMPILATION_CONDITIONS = DEBUG;
				SWIFT_OPTIMIZATION_LEVEL = "-Onone";
			};
			name = Debug;
		};
		81033F7328D52020004CBD61 /* Release */ = {
			isa = XCBuildConfiguration;
			buildSettings = {
				ALWAYS_SEARCH_USER_PATHS = NO;
				CLANG_ANALYZER_NONNULL = YES;
				CLANG_ANALYZER_NUMBER_OBJECT_CONVERSION = YES_AGGRESSIVE;
				CLANG_CXX_LANGUAGE_STANDARD = "gnu++17";
				CLANG_ENABLE_MODULES = YES;
				CLANG_ENABLE_OBJC_ARC = YES;
				CLANG_ENABLE_OBJC_WEAK = YES;
				CLANG_WARN_BLOCK_CAPTURE_AUTORELEASING = YES;
				CLANG_WARN_BOOL_CONVERSION = YES;
				CLANG_WARN_COMMA = YES;
				CLANG_WARN_CONSTANT_CONVERSION = YES;
				CLANG_WARN_DEPRECATED_OBJC_IMPLEMENTATIONS = YES;
				CLANG_WARN_DIRECT_OBJC_ISA_USAGE = YES_ERROR;
				CLANG_WARN_DOCUMENTATION_COMMENTS = YES;
				CLANG_WARN_EMPTY_BODY = YES;
				CLANG_WARN_ENUM_CONVERSION = YES;
				CLANG_WARN_INFINITE_RECURSION = YES;
				CLANG_WARN_INT_CONVERSION = YES;
				CLANG_WARN_NON_LITERAL_NULL_CONVERSION = YES;
				CLANG_WARN_OBJC_IMPLICIT_RETAIN_SELF = YES;
				CLANG_WARN_OBJC_LITERAL_CONVERSION = YES;
				CLANG_WARN_OBJC_ROOT_CLASS = YES_ERROR;
				CLANG_WARN_QUOTED_INCLUDE_IN_FRAMEWORK_HEADER = YES;
				CLANG_WARN_RANGE_LOOP_ANALYSIS = YES;
				CLANG_WARN_STRICT_PROTOTYPES = YES;
				CLANG_WARN_SUSPICIOUS_MOVE = YES;
				CLANG_WARN_UNGUARDED_AVAILABILITY = YES_AGGRESSIVE;
				CLANG_WARN_UNREACHABLE_CODE = YES;
				CLANG_WARN__DUPLICATE_METHOD_MATCH = YES;
				COPY_PHASE_STRIP = NO;
				DEBUG_INFORMATION_FORMAT = "dwarf-with-dsym";
				ENABLE_NS_ASSERTIONS = NO;
				ENABLE_STRICT_OBJC_MSGSEND = YES;
				GCC_C_LANGUAGE_STANDARD = gnu11;
				GCC_NO_COMMON_BLOCKS = YES;
				GCC_WARN_64_TO_32_BIT_CONVERSION = YES;
				GCC_WARN_ABOUT_RETURN_TYPE = YES_ERROR;
				GCC_WARN_UNDECLARED_SELECTOR = YES;
				GCC_WARN_UNINITIALIZED_AUTOS = YES_AGGRESSIVE;
				GCC_WARN_UNUSED_FUNCTION = YES;
				GCC_WARN_UNUSED_VARIABLE = YES;
				IPHONEOS_DEPLOYMENT_TARGET = 15.5;
				MTL_ENABLE_DEBUG_INFO = NO;
				MTL_FAST_MATH = YES;
				SDKROOT = iphoneos;
				SWIFT_COMPILATION_MODE = wholemodule;
				SWIFT_OPTIMIZATION_LEVEL = "-O";
				VALIDATE_PRODUCT = YES;
			};
			name = Release;
		};
		81033F7528D52020004CBD61 /* Debug */ = {
			isa = XCBuildConfiguration;
			buildSettings = {
				ASSETCATALOG_COMPILER_APPICON_NAME = AppIcon;
				ASSETCATALOG_COMPILER_GLOBAL_ACCENT_COLOR_NAME = AccentColor;
				CODE_SIGN_STYLE = Automatic;
				CURRENT_PROJECT_VERSION = 1;
				DEVELOPMENT_ASSET_PATHS = "\"iOSColorPicker/Preview Content\"";
				DEVELOPMENT_TEAM = TRB2DCAGL6;
				ENABLE_PREVIEWS = YES;
				GENERATE_INFOPLIST_FILE = YES;
				INFOPLIST_KEY_UIApplicationSceneManifest_Generation = YES;
				INFOPLIST_KEY_UIApplicationSupportsIndirectInputEvents = YES;
				INFOPLIST_KEY_UILaunchScreen_Generation = YES;
				INFOPLIST_KEY_UISupportedInterfaceOrientations_iPad = "UIInterfaceOrientationPortrait UIInterfaceOrientationPortraitUpsideDown UIInterfaceOrientationLandscapeLeft UIInterfaceOrientationLandscapeRight";
				INFOPLIST_KEY_UISupportedInterfaceOrientations_iPhone = "UIInterfaceOrientationPortrait UIInterfaceOrientationLandscapeLeft UIInterfaceOrientationLandscapeRight";
				LD_RUNPATH_SEARCH_PATHS = (
					"$(inherited)",
					"@executable_path/Frameworks",
				);
				MARKETING_VERSION = 1.0;
				PRODUCT_BUNDLE_IDENTIFIER = ArtemGoldenbergCorp.iOSColorPicker;
				PRODUCT_NAME = "$(TARGET_NAME)";
				SWIFT_EMIT_LOC_STRINGS = YES;
				SWIFT_VERSION = 5.0;
				TARGETED_DEVICE_FAMILY = "1,2";
			};
			name = Debug;
		};
		81033F7628D52020004CBD61 /* Release */ = {
			isa = XCBuildConfiguration;
			buildSettings = {
				ASSETCATALOG_COMPILER_APPICON_NAME = AppIcon;
				ASSETCATALOG_COMPILER_GLOBAL_ACCENT_COLOR_NAME = AccentColor;
				CODE_SIGN_STYLE = Automatic;
				CURRENT_PROJECT_VERSION = 1;
				DEVELOPMENT_ASSET_PATHS = "\"iOSColorPicker/Preview Content\"";
				DEVELOPMENT_TEAM = TRB2DCAGL6;
				ENABLE_PREVIEWS = YES;
				GENERATE_INFOPLIST_FILE = YES;
				INFOPLIST_KEY_UIApplicationSceneManifest_Generation = YES;
				INFOPLIST_KEY_UIApplicationSupportsIndirectInputEvents = YES;
				INFOPLIST_KEY_UILaunchScreen_Generation = YES;
				INFOPLIST_KEY_UISupportedInterfaceOrientations_iPad = "UIInterfaceOrientationPortrait UIInterfaceOrientationPortraitUpsideDown UIInterfaceOrientationLandscapeLeft UIInterfaceOrientationLandscapeRight";
				INFOPLIST_KEY_UISupportedInterfaceOrientations_iPhone = "UIInterfaceOrientationPortrait UIInterfaceOrientationLandscapeLeft UIInterfaceOrientationLandscapeRight";
				LD_RUNPATH_SEARCH_PATHS = (
					"$(inherited)",
					"@executable_path/Frameworks",
				);
				MARKETING_VERSION = 1.0;
				PRODUCT_BUNDLE_IDENTIFIER = ArtemGoldenbergCorp.iOSColorPicker;
				PRODUCT_NAME = "$(TARGET_NAME)";
				SWIFT_EMIT_LOC_STRINGS = YES;
				SWIFT_VERSION = 5.0;
				TARGETED_DEVICE_FAMILY = "1,2";
			};
			name = Release;
		};
/* End XCBuildConfiguration section */

/* Begin XCConfigurationList section */
		81033F6128D52019004CBD61 /* Build configuration list for PBXProject "iOSColorPicker" */ = {
			isa = XCConfigurationList;
			buildConfigurations = (
				81033F7228D52020004CBD61 /* Debug */,
				81033F7328D52020004CBD61 /* Release */,
			);
			defaultConfigurationIsVisible = 0;
			defaultConfigurationName = Release;
		};
		81033F7428D52020004CBD61 /* Build configuration list for PBXNativeTarget "iOSColorPicker" */ = {
			isa = XCConfigurationList;
			buildConfigurations = (
				81033F7528D52020004CBD61 /* Debug */,
				81033F7628D52020004CBD61 /* Release */,
			);
			defaultConfigurationIsVisible = 0;
			defaultConfigurationName = Release;
		};
/* End XCConfigurationList section */
	};
	rootObject = 81033F5E28D52019004CBD61 /* Project object */;
}
